// !$*UTF8*$!
{
	archiveVersion = 1;
	classes = {
	};
	objectVersion = 50;
	objects = {

/* Begin PBXBuildFile section */
		7179C09C26D02FED001867A9 /* ThirdViewController.swift in Sources */ = {isa = PBXBuildFile; fileRef = 7179C09B26D02FED001867A9 /* ThirdViewController.swift */; };
		71E4166E26CDA89E0021E3FC /* AppDelegate.swift in Sources */ = {isa = PBXBuildFile; fileRef = 71E4166D26CDA89E0021E3FC /* AppDelegate.swift */; };
		71E4167026CDA89E0021E3FC /* SceneDelegate.swift in Sources */ = {isa = PBXBuildFile; fileRef = 71E4166F26CDA89E0021E3FC /* SceneDelegate.swift */; };
		71E4167226CDA89E0021E3FC /* ViewController.swift in Sources */ = {isa = PBXBuildFile; fileRef = 71E4167126CDA89E0021E3FC /* ViewController.swift */; };
		71E4167526CDA89E0021E3FC /* Main.storyboard in Resources */ = {isa = PBXBuildFile; fileRef = 71E4167326CDA89E0021E3FC /* Main.storyboard */; };
		71E4167726CDA89F0021E3FC /* Assets.xcassets in Resources */ = {isa = PBXBuildFile; fileRef = 71E4167626CDA89F0021E3FC /* Assets.xcassets */; };
		71E4167A26CDA89F0021E3FC /* LaunchScreen.storyboard in Resources */ = {isa = PBXBuildFile; fileRef = 71E4167826CDA89F0021E3FC /* LaunchScreen.storyboard */; };
/* End PBXBuildFile section */

/* Begin PBXFileReference section */
		7179C09B26D02FED001867A9 /* ThirdViewController.swift */ = {isa = PBXFileReference; lastKnownFileType = sourcecode.swift; path = ThirdViewController.swift; sourceTree = "<group>"; };
		71E4166A26CDA89E0021E3FC /* Lesson_9.app */ = {isa = PBXFileReference; explicitFileType = wrapper.application; includeInIndex = 0; path = Lesson_9.app; sourceTree = BUILT_PRODUCTS_DIR; };
		71E4166D26CDA89E0021E3FC /* AppDelegate.swift */ = {isa = PBXFileReference; lastKnownFileType = sourcecode.swift; path = AppDelegate.swift; sourceTree = "<group>"; };
		71E4166F26CDA89E0021E3FC /* SceneDelegate.swift */ = {isa = PBXFileReference; lastKnownFileType = sourcecode.swift; path = SceneDelegate.swift; sourceTree = "<group>"; };
		71E4167126CDA89E0021E3FC /* ViewController.swift */ = {isa = PBXFileReference; lastKnownFileType = sourcecode.swift; path = ViewController.swift; sourceTree = "<group>"; };
		71E4167426CDA89E0021E3FC /* Base */ = {isa = PBXFileReference; lastKnownFileType = file.storyboard; name = Base; path = Base.lproj/Main.storyboard; sourceTree = "<group>"; };
		71E4167626CDA89F0021E3FC /* Assets.xcassets */ = {isa = PBXFileReference; lastKnownFileType = folder.assetcatalog; path = Assets.xcassets; sourceTree = "<group>"; };
		71E4167926CDA89F0021E3FC /* Base */ = {isa = PBXFileReference; lastKnownFileType = file.storyboard; name = Base; path = Base.lproj/LaunchScreen.storyboard; sourceTree = "<group>"; };
		71E4167B26CDA89F0021E3FC /* Info.plist */ = {isa = PBXFileReference; lastKnownFileType = text.plist.xml; path = Info.plist; sourceTree = "<group>"; };
/* End PBXFileReference section */

/* Begin PBXFrameworksBuildPhase section */
		71E4166726CDA89E0021E3FC /* Frameworks */ = {
			isa = PBXFrameworksBuildPhase;
			buildActionMask = 2147483647;
			files = (
			);
			runOnlyForDeploymentPostprocessing = 0;
		};
/* End PBXFrameworksBuildPhase section */

/* Begin PBXGroup section */
		71E4166126CDA89E0021E3FC = {
			isa = PBXGroup;
			children = (
				71E4166C26CDA89E0021E3FC /* Lesson_9 */,
				71E4166B26CDA89E0021E3FC /* Products */,
			);
			sourceTree = "<group>";
		};
		71E4166B26CDA89E0021E3FC /* Products */ = {
			isa = PBXGroup;
			children = (
				71E4166A26CDA89E0021E3FC /* Lesson_9.app */,
			);
			name = Products;
			sourceTree = "<group>";
		};
		71E4166C26CDA89E0021E3FC /* Lesson_9 */ = {
			isa = PBXGroup;
			children = (
				71E4166D26CDA89E0021E3FC /* AppDelegate.swift */,
				71E4166F26CDA89E0021E3FC /* SceneDelegate.swift */,
				71E4167126CDA89E0021E3FC /* ViewController.swift */,
				7179C09B26D02FED001867A9 /* ThirdViewController.swift */,
				71E4167326CDA89E0021E3FC /* Main.storyboard */,
				71E4167626CDA89F0021E3FC /* Assets.xcassets */,
				71E4167826CDA89F0021E3FC /* LaunchScreen.storyboard */,
				71E4167B26CDA89F0021E3FC /* Info.plist */,
			);
			path = Lesson_9;
			sourceTree = "<group>";
		};
/* End PBXGroup section */

/* Begin PBXNativeTarget section */
		71E4166926CDA89E0021E3FC /* Lesson_9 */ = {
			isa = PBXNativeTarget;
			buildConfigurationList = 71E4167E26CDA89F0021E3FC /* Build configuration list for PBXNativeTarget "Lesson_9" */;
			buildPhases = (
				71E4166626CDA89E0021E3FC /* Sources */,
				71E4166726CDA89E0021E3FC /* Frameworks */,
				71E4166826CDA89E0021E3FC /* Resources */,
			);
			buildRules = (
			);
			dependencies = (
			);
			name = Lesson_9;
			productName = Lesson_9;
			productReference = 71E4166A26CDA89E0021E3FC /* Lesson_9.app */;
			productType = "com.apple.product-type.application";
		};
/* End PBXNativeTarget section */

/* Begin PBXProject section */
		71E4166226CDA89E0021E3FC /* Project object */ = {
			isa = PBXProject;
			attributes = {
				LastSwiftUpdateCheck = 1250;
				LastUpgradeCheck = 1250;
				TargetAttributes = {
					71E4166926CDA89E0021E3FC = {
						CreatedOnToolsVersion = 12.5.1;
					};
				};
			};
			buildConfigurationList = 71E4166526CDA89E0021E3FC /* Build configuration list for PBXProject "Lesson_9" */;
			compatibilityVersion = "Xcode 9.3";
			developmentRegion = en;
			hasScannedForEncodings = 0;
			knownRegions = (
				en,
				Base,
			);
			mainGroup = 71E4166126CDA89E0021E3FC;
			productRefGroup = 71E4166B26CDA89E0021E3FC /* Products */;
			projectDirPath = "";
			projectRoot = "";
			targets = (
				71E4166926CDA89E0021E3FC /* Lesson_9 */,
			);
		};
/* End PBXProject section */

/* Begin PBXResourcesBuildPhase section */
		71E4166826CDA89E0021E3FC /* Resources */ = {
			isa = PBXResourcesBuildPhase;
			buildActionMask = 2147483647;
			files = (
				71E4167A26CDA89F0021E3FC /* LaunchScreen.storyboard in Resources */,
				71E4167726CDA89F0021E3FC /* Assets.xcassets in Resources */,
				71E4167526CDA89E0021E3FC /* Main.storyboard in Resources */,
			);
			runOnlyForDeploymentPostprocessing = 0;
		};
/* End PBXResourcesBuildPhase section */

/* Begin PBXSourcesBuildPhase section */
		71E4166626CDA89E0021E3FC /* Sources */ = {
			isa = PBXSourcesBuildPhase;
			buildActionMask = 2147483647;
			files = (
				71E4167226CDA89E0021E3FC /* ViewController.swift in Sources */,
				71E4166E26CDA89E0021E3FC /* AppDelegate.swift in Sources */,
				7179C09C26D02FED001867A9 /* ThirdViewController.swift in Sources */,
				71E4167026CDA89E0021E3FC /* SceneDelegate.swift in Sources */,
			);
			runOnlyForDeploymentPostprocessing = 0;
		};
/* End PBXSourcesBuildPhase section */

/* Begin PBXVariantGroup section */
		71E4167326CDA89E0021E3FC /* Main.storyboard */ = {
			isa = PBXVariantGroup;
			children = (
				71E4167426CDA89E0021E3FC /* Base */,
			);
			name = Main.storyboard;
			sourceTree = "<group>";
		};
		71E4167826CDA89F0021E3FC /* LaunchScreen.storyboard */ = {
			isa = PBXVariantGroup;
			children = (
				71E4167926CDA89F0021E3FC /* Base */,
			);
			name = LaunchScreen.storyboard;
			sourceTree = "<group>";
		};
/* End PBXVariantGroup section */

/* Begin XCBuildConfiguration section */
		71E4167C26CDA89F0021E3FC /* Debug */ = {
			isa = XCBuildConfiguration;
			buildSettings = {
				ALWAYS_SEARCH_USER_PATHS = NO;
				CLANG_ANALYZER_NONNULL = YES;
				CLANG_ANALYZER_NUMBER_OBJECT_CONVERSION = YES_AGGRESSIVE;
				CLANG_CXX_LANGUAGE_STANDARD = "gnu++14";
				CLANG_CXX_LIBRARY = "libc++";
				CLANG_ENABLE_MODULES = YES;
				CLANG_ENABLE_OBJC_ARC = YES;
				CLANG_ENABLE_OBJC_WEAK = YES;
				CLANG_WARN_BLOCK_CAPTURE_AUTORELEASING = YES;
				CLANG_WARN_BOOL_CONVERSION = YES;
				CLANG_WARN_COMMA = YES;
				CLANG_WARN_CONSTANT_CONVERSION = YES;
				CLANG_WARN_DEPRECATED_OBJC_IMPLEMENTATIONS = YES;
				CLANG_WARN_DIRECT_OBJC_ISA_USAGE = YES_ERROR;
				CLANG_WARN_DOCUMENTATION_COMMENTS = YES;
				CLANG_WARN_EMPTY_BODY = YES;
				CLANG_WARN_ENUM_CONVERSION = YES;
				CLANG_WARN_INFINITE_RECURSION = YES;
				CLANG_WARN_INT_CONVERSION = YES;
				CLANG_WARN_NON_LITERAL_NULL_CONVERSION = YES;
				CLANG_WARN_OBJC_IMPLICIT_RETAIN_SELF = YES;
				CLANG_WARN_OBJC_LITERAL_CONVERSION = YES;
				CLANG_WARN_OBJC_ROOT_CLASS = YES_ERROR;
				CLANG_WARN_QUOTED_INCLUDE_IN_FRAMEWORK_HEADER = YES;
				CLANG_WARN_RANGE_LOOP_ANALYSIS = YES;
				CLANG_WARN_STRICT_PROTOTYPES = YES;
				CLANG_WARN_SUSPICIOUS_MOVE = YES;
				CLANG_WARN_UNGUARDED_AVAILABILITY = YES_AGGRESSIVE;
				CLANG_WARN_UNREACHABLE_CODE = YES;
				CLANG_WARN__DUPLICATE_METHOD_MATCH = YES;
				COPY_PHASE_STRIP = NO;
				DEBUG_INFORMATION_FORMAT = dwarf;
				ENABLE_STRICT_OBJC_MSGSEND = YES;
				ENABLE_TESTABILITY = YES;
				GCC_C_LANGUAGE_STANDARD = gnu11;
				GCC_DYNAMIC_NO_PIC = NO;
				GCC_NO_COMMON_BLOCKS = YES;
				GCC_OPTIMIZATION_LEVEL = 0;
				GCC_PREPROCESSOR_DEFINITIONS = (
					"DEBUG=1",
					"$(inherited)",
				);
				GCC_WARN_64_TO_32_BIT_CONVERSION = YES;
				GCC_WARN_ABOUT_RETURN_TYPE = YES_ERROR;
				GCC_WARN_UNDECLARED_SELECTOR = YES;
				GCC_WARN_UNINITIALIZED_AUTOS = YES_AGGRESSIVE;
				GCC_WARN_UNUSED_FUNCTION = YES;
				GCC_WARN_UNUSED_VARIABLE = YES;
				IPHONEOS_DEPLOYMENT_TARGET = 14.5;
				MTL_ENABLE_DEBUG_INFO = INCLUDE_SOURCE;
				MTL_FAST_MATH = YES;
				ONLY_ACTIVE_ARCH = YES;
				SDKROOT = iphoneos;
				SWIFT_ACTIVE_COMPILATION_CONDITIONS = DEBUG;
				SWIFT_OPTIMIZATION_LEVEL = "-Onone";
			};
			name = Debug;
		};
		71E4167D26CDA89F0021E3FC /* Release */ = {
			isa = XCBuildConfiguration;
			buildSettings = {
				ALWAYS_SEARCH_USER_PATHS = NO;
				CLANG_ANALYZER_NONNULL = YES;
				CLANG_ANALYZER_NUMBER_OBJECT_CONVERSION = YES_AGGRESSIVE;
				CLANG_CXX_LANGUAGE_STANDARD = "gnu++14";
				CLANG_CXX_LIBRARY = "libc++";
				CLANG_ENABLE_MODULES = YES;
				CLANG_ENABLE_OBJC_ARC = YES;
				CLANG_ENABLE_OBJC_WEAK = YES;
				CLANG_WARN_BLOCK_CAPTURE_AUTORELEASING = YES;
				CLANG_WARN_BOOL_CONVERSION = YES;
				CLANG_WARN_COMMA = YES;
				CLANG_WARN_CONSTANT_CONVERSION = YES;
				CLANG_WARN_DEPRECATED_OBJC_IMPLEMENTATIONS = YES;
				CLANG_WARN_DIRECT_OBJC_ISA_USAGE = YES_ERROR;
				CLANG_WARN_DOCUMENTATION_COMMENTS = YES;
				CLANG_WARN_EMPTY_BODY = YES;
				CLANG_WARN_ENUM_CONVERSION = YES;
				CLANG_WARN_INFINITE_RECURSION = YES;
				CLANG_WARN_INT_CONVERSION = YES;
				CLANG_WARN_NON_LITERAL_NULL_CONVERSION = YES;
				CLANG_WARN_OBJC_IMPLICIT_RETAIN_SELF = YES;
				CLANG_WARN_OBJC_LITERAL_CONVERSION = YES;
				CLANG_WARN_OBJC_ROOT_CLASS = YES_ERROR;
				CLANG_WARN_QUOTED_INCLUDE_IN_FRAMEWORK_HEADER = YES;
				CLANG_WARN_RANGE_LOOP_ANALYSIS = YES;
				CLANG_WARN_STRICT_PROTOTYPES = YES;
				CLANG_WARN_SUSPICIOUS_MOVE = YES;
				CLANG_WARN_UNGUARDED_AVAILABILITY = YES_AGGRESSIVE;
				CLANG_WARN_UNREACHABLE_CODE = YES;
				CLANG_WARN__DUPLICATE_METHOD_MATCH = YES;
				COPY_PHASE_STRIP = NO;
				DEBUG_INFORMATION_FORMAT = "dwarf-with-dsym";
				ENABLE_NS_ASSERTIONS = NO;
				ENABLE_STRICT_OBJC_MSGSEND = YES;
				GCC_C_LANGUAGE_STANDARD = gnu11;
				GCC_NO_COMMON_BLOCKS = YES;
				GCC_WARN_64_TO_32_BIT_CONVERSION = YES;
				GCC_WARN_ABOUT_RETURN_TYPE = YES_ERROR;
				GCC_WARN_UNDECLARED_SELECTOR = YES;
				GCC_WARN_UNINITIALIZED_AUTOS = YES_AGGRESSIVE;
				GCC_WARN_UNUSED_FUNCTION = YES;
				GCC_WARN_UNUSED_VARIABLE = YES;
				IPHONEOS_DEPLOYMENT_TARGET = 14.5;
				MTL_ENABLE_DEBUG_INFO = NO;
				MTL_FAST_MATH = YES;
				SDKROOT = iphoneos;
				SWIFT_COMPILATION_MODE = wholemodule;
				SWIFT_OPTIMIZATION_LEVEL = "-O";
				VALIDATE_PRODUCT = YES;
			};
			name = Release;
		};
		71E4167F26CDA89F0021E3FC /* Debug */ = {
			isa = XCBuildConfiguration;
			buildSettings = {
				ASSETCATALOG_COMPILER_APPICON_NAME = AppIcon;
				ASSETCATALOG_COMPILER_GLOBAL_ACCENT_COLOR_NAME = AccentColor;
				CODE_SIGN_STYLE = Automatic;
				DEVELOPMENT_TEAM = BJ2Y72RG5B;
				INFOPLIST_FILE = Lesson_9/Info.plist;
				LD_RUNPATH_SEARCH_PATHS = (
					"$(inherited)",
					"@executable_path/Frameworks",
				);
				PRODUCT_BUNDLE_IDENTIFIER = "com.evgeniyNosko.Lesson-9";
				PRODUCT_NAME = "$(TARGET_NAME)";
				SWIFT_VERSION = 5.0;
				TARGETED_DEVICE_FAMILY = "1,2";
			};
			name = Debug;
		};
		71E4168026CDA89F0021E3FC /* Release */ = {
			isa = XCBuildConfiguration;
			buildSettings = {
				ASSETCATALOG_COMPILER_APPICON_NAME = AppIcon;
				ASSETCATALOG_COMPILER_GLOBAL_ACCENT_COLOR_NAME = AccentColor;
				CODE_SIGN_STYLE = Automatic;
				DEVELOPMENT_TEAM = BJ2Y72RG5B;
				INFOPLIST_FILE = Lesson_9/Info.plist;
				LD_RUNPATH_SEARCH_PATHS = (
					"$(inherited)",
					"@executable_path/Frameworks",
				);
				PRODUCT_BUNDLE_IDENTIFIER = "com.evgeniyNosko.Lesson-9";
				PRODUCT_NAME = "$(TARGET_NAME)";
				SWIFT_VERSION = 5.0;
				TARGETED_DEVICE_FAMILY = "1,2";
			};
			name = Release;
		};
/* End XCBuildConfiguration section */

/* Begin XCConfigurationList section */
		71E4166526CDA89E0021E3FC /* Build configuration list for PBXProject "Lesson_9" */ = {
			isa = XCConfigurationList;
			buildConfigurations = (
				71E4167C26CDA89F0021E3FC /* Debug */,
				71E4167D26CDA89F0021E3FC /* Release */,
			);
			defaultConfigurationIsVisible = 0;
			defaultConfigurationName = Release;
		};
		71E4167E26CDA89F0021E3FC /* Build configuration list for PBXNativeTarget "Lesson_9" */ = {
			isa = XCConfigurationList;
			buildConfigurations = (
				71E4167F26CDA89F0021E3FC /* Debug */,
				71E4168026CDA89F0021E3FC /* Release */,
			);
			defaultConfigurationIsVisible = 0;
			defaultConfigurationName = Release;
		};
/* End XCConfigurationList section */
	};
	rootObject = 71E4166226CDA89E0021E3FC /* Project object */;
}
